
Microsoft Visual Studio Solution File, Format Version 12.00
# Visual Studio Version 17
VisualStudioVersion = 17.7.34031.279
MinimumVisualStudioVersion = 10.0.40219.1
Project("{FAE04EC0-301F-11D3-BF4B-00C04F79EFBC}") = "Interfaces_Watford_Koby", "Interfaces_Watford_Koby\Interfaces_Watford_Koby.csproj", "{DEC6ED4F-7B3F-4BD6-A931-4FD6F05E15E3}"
EndProject
Global
	GlobalSection(SolutionConfigurationPlatforms) = preSolution
		Debug|Any CPU = Debug|Any CPU
		Release|Any CPU = Release|Any CPU
	EndGlobalSection
	GlobalSection(ProjectConfigurationPlatforms) = postSolution
		{DEC6ED4F-7B3F-4BD6-A931-4FD6F05E15E3}.Debug|Any CPU.ActiveCfg = Debug|Any CPU
		{DEC6ED4F-7B3F-4BD6-A931-4FD6F05E15E3}.Debug|Any CPU.Build.0 = Debug|Any CPU
		{DEC6ED4F-7B3F-4BD6-A931-4FD6F05E15E3}.Release|Any CPU.ActiveCfg = Release|Any CPU
		{DEC6ED4F-7B3F-4BD6-A931-4FD6F05E15E3}.Release|Any CPU.Build.0 = Release|Any CPU
	EndGlobalSection
	GlobalSection(SolutionProperties) = preSolution
		HideSolutionNode = FALSE
	EndGlobalSection
	GlobalSection(ExtensibilityGlobals) = postSolution
		SolutionGuid = {F02BE4CD-1945-4351-B3EB-11EE2C180841}
	EndGlobalSection
EndGlobal
